// !$*UTF8*$!
{
	archiveVersion = 1;
	classes = {
	};
	objectVersion = 46;
	objects = {

/* Begin PBXBuildFile section */
		DD098D111E3FC682006AD1AE /* main.m in Sources */ = {isa = PBXBuildFile; fileRef = DD098D101E3FC682006AD1AE /* main.m */; };
		DD098D141E3FC682006AD1AE /* AppDelegate.m in Sources */ = {isa = PBXBuildFile; fileRef = DD098D131E3FC682006AD1AE /* AppDelegate.m */; };
		DD098D171E3FC682006AD1AE /* ViewController.m in Sources */ = {isa = PBXBuildFile; fileRef = DD098D161E3FC682006AD1AE /* ViewController.m */; };
		DD098D1A1E3FC682006AD1AE /* Main.storyboard in Resources */ = {isa = PBXBuildFile; fileRef = DD098D181E3FC682006AD1AE /* Main.storyboard */; };
		DD098D1C1E3FC682006AD1AE /* Assets.xcassets in Resources */ = {isa = PBXBuildFile; fileRef = DD098D1B1E3FC682006AD1AE /* Assets.xcassets */; };
		DD098D1F1E3FC682006AD1AE /* LaunchScreen.storyboard in Resources */ = {isa = PBXBuildFile; fileRef = DD098D1D1E3FC682006AD1AE /* LaunchScreen.storyboard */; };
/* End PBXBuildFile section */

/* Begin PBXFileReference section */
		DD098D0C1E3FC682006AD1AE /* OutletsAndActions.app */ = {isa = PBXFileReference; explicitFileType = wrapper.application; includeInIndex = 0; path = OutletsAndActions.app; sourceTree = BUILT_PRODUCTS_DIR; };
		DD098D101E3FC682006AD1AE /* main.m */ = {isa = PBXFileReference; lastKnownFileType = sourcecode.c.objc; path = main.m; sourceTree = "<group>"; };
		DD098D121E3FC682006AD1AE /* AppDelegate.h */ = {isa = PBXFileReference; lastKnownFileType = sourcecode.c.h; path = AppDelegate.h; sourceTree = "<group>"; };
		DD098D131E3FC682006AD1AE /* AppDelegate.m */ = {isa = PBXFileReference; lastKnownFileType = sourcecode.c.objc; path = AppDelegate.m; sourceTree = "<group>"; };
		DD098D151E3FC682006AD1AE /* ViewController.h */ = {isa = PBXFileReference; lastKnownFileType = sourcecode.c.h; path = ViewController.h; sourceTree = "<group>"; };
		DD098D161E3FC682006AD1AE /* ViewController.m */ = {isa = PBXFileReference; lastKnownFileType = sourcecode.c.objc; path = ViewController.m; sourceTree = "<group>"; };
		DD098D191E3FC682006AD1AE /* Base */ = {isa = PBXFileReference; lastKnownFileType = file.storyboard; name = Base; path = Base.lproj/Main.storyboard; sourceTree = "<group>"; };
		DD098D1B1E3FC682006AD1AE /* Assets.xcassets */ = {isa = PBXFileReference; lastKnownFileType = folder.assetcatalog; path = Assets.xcassets; sourceTree = "<group>"; };
		DD098D1E1E3FC682006AD1AE /* Base */ = {isa = PBXFileReference; lastKnownFileType = file.storyboard; name = Base; path = Base.lproj/LaunchScreen.storyboard; sourceTree = "<group>"; };
		DD098D201E3FC682006AD1AE /* Info.plist */ = {isa = PBXFileReference; lastKnownFileType = text.plist.xml; path = Info.plist; sourceTree = "<group>"; };
/* End PBXFileReference section */

/* Begin PBXFrameworksBuildPhase section */
		DD098D091E3FC682006AD1AE /* Frameworks */ = {
			isa = PBXFrameworksBuildPhase;
			buildActionMask = 2147483647;
			files = (
			);
			runOnlyForDeploymentPostprocessing = 0;
		};
/* End PBXFrameworksBuildPhase section */

/* Begin PBXGroup section */
		DD098D031E3FC682006AD1AE = {
			isa = PBXGroup;
			children = (
				DD098D0E1E3FC682006AD1AE /* OutletsAndActions */,
				DD098D0D1E3FC682006AD1AE /* Products */,
			);
			sourceTree = "<group>";
		};
		DD098D0D1E3FC682006AD1AE /* Products */ = {
			isa = PBXGroup;
			children = (
				DD098D0C1E3FC682006AD1AE /* OutletsAndActions.app */,
			);
			name = Products;
			sourceTree = "<group>";
		};
		DD098D0E1E3FC682006AD1AE /* OutletsAndActions */ = {
			isa = PBXGroup;
			children = (
				DD098D121E3FC682006AD1AE /* AppDelegate.h */,
				DD098D131E3FC682006AD1AE /* AppDelegate.m */,
				DD098D151E3FC682006AD1AE /* ViewController.h */,
				DD098D161E3FC682006AD1AE /* ViewController.m */,
				DD098D181E3FC682006AD1AE /* Main.storyboard */,
				DD098D1B1E3FC682006AD1AE /* Assets.xcassets */,
				DD098D1D1E3FC682006AD1AE /* LaunchScreen.storyboard */,
				DD098D201E3FC682006AD1AE /* Info.plist */,
				DD098D0F1E3FC682006AD1AE /* Supporting Files */,
			);
			path = OutletsAndActions;
			sourceTree = "<group>";
		};
		DD098D0F1E3FC682006AD1AE /* Supporting Files */ = {
			isa = PBXGroup;
			children = (
				DD098D101E3FC682006AD1AE /* main.m */,
			);
			name = "Supporting Files";
			sourceTree = "<group>";
		};
/* End PBXGroup section */

/* Begin PBXNativeTarget section */
		DD098D0B1E3FC682006AD1AE /* OutletsAndActions */ = {
			isa = PBXNativeTarget;
			buildConfigurationList = DD098D231E3FC682006AD1AE /* Build configuration list for PBXNativeTarget "OutletsAndActions" */;
			buildPhases = (
				DD098D081E3FC682006AD1AE /* Sources */,
				DD098D091E3FC682006AD1AE /* Frameworks */,
				DD098D0A1E3FC682006AD1AE /* Resources */,
			);
			buildRules = (
			);
			dependencies = (
			);
			name = OutletsAndActions;
			productName = OutletsAndActions;
			productReference = DD098D0C1E3FC682006AD1AE /* OutletsAndActions.app */;
			productType = "com.apple.product-type.application";
		};
/* End PBXNativeTarget section */

/* Begin PBXProject section */
		DD098D041E3FC682006AD1AE /* Project object */ = {
			isa = PBXProject;
			attributes = {
				LastUpgradeCheck = 0810;
				ORGANIZATIONNAME = Klas;
				TargetAttributes = {
					DD098D0B1E3FC682006AD1AE = {
						CreatedOnToolsVersion = 8.1;
						ProvisioningStyle = Automatic;
					};
				};
			};
			buildConfigurationList = DD098D071E3FC682006AD1AE /* Build configuration list for PBXProject "OutletsAndActions" */;
			compatibilityVersion = "Xcode 3.2";
			developmentRegion = English;
			hasScannedForEncodings = 0;
			knownRegions = (
				en,
				Base,
			);
			mainGroup = DD098D031E3FC682006AD1AE;
			productRefGroup = DD098D0D1E3FC682006AD1AE /* Products */;
			projectDirPath = "";
			projectRoot = "";
			targets = (
				DD098D0B1E3FC682006AD1AE /* OutletsAndActions */,
			);
		};
/* End PBXProject section */

/* Begin PBXResourcesBuildPhase section */
		DD098D0A1E3FC682006AD1AE /* Resources */ = {
			isa = PBXResourcesBuildPhase;
			buildActionMask = 2147483647;
			files = (
				DD098D1F1E3FC682006AD1AE /* LaunchScreen.storyboard in Resources */,
				DD098D1C1E3FC682006AD1AE /* Assets.xcassets in Resources */,
				DD098D1A1E3FC682006AD1AE /* Main.storyboard in Resources */,
			);
			runOnlyForDeploymentPostprocessing = 0;
		};
/* End PBXResourcesBuildPhase section */

/* Begin PBXSourcesBuildPhase section */
		DD098D081E3FC682006AD1AE /* Sources */ = {
			isa = PBXSourcesBuildPhase;
			buildActionMask = 2147483647;
			files = (
				DD098D171E3FC682006AD1AE /* ViewController.m in Sources */,
				DD098D141E3FC682006AD1AE /* AppDelegate.m in Sources */,
				DD098D111E3FC682006AD1AE /* main.m in Sources */,
			);
			runOnlyForDeploymentPostprocessing = 0;
		};
/* End PBXSourcesBuildPhase section */

/* Begin PBXVariantGroup section */
		DD098D181E3FC682006AD1AE /* Main.storyboard */ = {
			isa = PBXVariantGroup;
			children = (
				DD098D191E3FC682006AD1AE /* Base */,
			);
			name = Main.storyboard;
			sourceTree = "<group>";
		};
		DD098D1D1E3FC682006AD1AE /* LaunchScreen.storyboard */ = {
			isa = PBXVariantGroup;
			children = (
				DD098D1E1E3FC682006AD1AE /* Base */,
			);
			name = LaunchScreen.storyboard;
			sourceTree = "<group>";
		};
/* End PBXVariantGroup section */

/* Begin XCBuildConfiguration section */
		DD098D211E3FC682006AD1AE /* Debug */ = {
			isa = XCBuildConfiguration;
			buildSettings = {
				ALWAYS_SEARCH_USER_PATHS = NO;
				CLANG_ANALYZER_NONNULL = YES;
				CLANG_CXX_LANGUAGE_STANDARD = "gnu++0x";
				CLANG_CXX_LIBRARY = "libc++";
				CLANG_ENABLE_MODULES = YES;
				CLANG_ENABLE_OBJC_ARC = YES;
				CLANG_WARN_BOOL_CONVERSION = YES;
				CLANG_WARN_CONSTANT_CONVERSION = YES;
				CLANG_WARN_DIRECT_OBJC_ISA_USAGE = YES_ERROR;
				CLANG_WARN_DOCUMENTATION_COMMENTS = YES;
				CLANG_WARN_EMPTY_BODY = YES;
				CLANG_WARN_ENUM_CONVERSION = YES;
				CLANG_WARN_INFINITE_RECURSION = YES;
				CLANG_WARN_INT_CONVERSION = YES;
				CLANG_WARN_OBJC_ROOT_CLASS = YES_ERROR;
				CLANG_WARN_SUSPICIOUS_MOVES = YES;
				CLANG_WARN_UNREACHABLE_CODE = YES;
				CLANG_WARN__DUPLICATE_METHOD_MATCH = YES;
				"CODE_SIGN_IDENTITY[sdk=iphoneos*]" = "iPhone Developer";
				COPY_PHASE_STRIP = NO;
				DEBUG_INFORMATION_FORMAT = dwarf;
				ENABLE_STRICT_OBJC_MSGSEND = YES;
				ENABLE_TESTABILITY = YES;
				GCC_C_LANGUAGE_STANDARD = gnu99;
				GCC_DYNAMIC_NO_PIC = NO;
				GCC_NO_COMMON_BLOCKS = YES;
				GCC_OPTIMIZATION_LEVEL = 0;
				GCC_PREPROCESSOR_DEFINITIONS = (
					"DEBUG=1",
					"$(inherited)",
				);
				GCC_WARN_64_TO_32_BIT_CONVERSION = YES;
				GCC_WARN_ABOUT_RETURN_TYPE = YES_ERROR;
				GCC_WARN_UNDECLARED_SELECTOR = YES;
				GCC_WARN_UNINITIALIZED_AUTOS = YES_AGGRESSIVE;
				GCC_WARN_UNUSED_FUNCTION = YES;
				GCC_WARN_UNUSED_VARIABLE = YES;
				IPHONEOS_DEPLOYMENT_TARGET = 10.1;
				MTL_ENABLE_DEBUG_INFO = YES;
				ONLY_ACTIVE_ARCH = YES;
				SDKROOT = iphoneos;
				TARGETED_DEVICE_FAMILY = "1,2";
			};
			name = Debug;
		};
		DD098D221E3FC682006AD1AE /* Release */ = {
			isa = XCBuildConfiguration;
			buildSettings = {
				ALWAYS_SEARCH_USER_PATHS = NO;
				CLANG_ANALYZER_NONNULL = YES;
				CLANG_CXX_LANGUAGE_STANDARD = "gnu++0x";
				CLANG_CXX_LIBRARY = "libc++";
				CLANG_ENABLE_MODULES = YES;
				CLANG_ENABLE_OBJC_ARC = YES;
				CLANG_WARN_BOOL_CONVERSION = YES;
				CLANG_WARN_CONSTANT_CONVERSION = YES;
				CLANG_WARN_DIRECT_OBJC_ISA_USAGE = YES_ERROR;
				CLANG_WARN_DOCUMENTATION_COMMENTS = YES;
				CLANG_WARN_EMPTY_BODY = YES;
				CLANG_WARN_ENUM_CONVERSION = YES;
				CLANG_WARN_INFINITE_RECURSION = YES;
				CLANG_WARN_INT_CONVERSION = YES;
				CLANG_WARN_OBJC_ROOT_CLASS = YES_ERROR;
				CLANG_WARN_SUSPICIOUS_MOVES = YES;
				CLANG_WARN_UNREACHABLE_CODE = YES;
				CLANG_WARN__DUPLICATE_METHOD_MATCH = YES;
				"CODE_SIGN_IDENTITY[sdk=iphoneos*]" = "iPhone Developer";
				COPY_PHASE_STRIP = NO;
				DEBUG_INFORMATION_FORMAT = "dwarf-with-dsym";
				ENABLE_NS_ASSERTIONS = NO;
				ENABLE_STRICT_OBJC_MSGSEND = YES;
				GCC_C_LANGUAGE_STANDARD = gnu99;
				GCC_NO_COMMON_BLOCKS = YES;
				GCC_WARN_64_TO_32_BIT_CONVERSION = YES;
				GCC_WARN_ABOUT_RETURN_TYPE = YES_ERROR;
				GCC_WARN_UNDECLARED_SELECTOR = YES;
				GCC_WARN_UNINITIALIZED_AUTOS = YES_AGGRESSIVE;
				GCC_WARN_UNUSED_FUNCTION = YES;
				GCC_WARN_UNUSED_VARIABLE = YES;
				IPHONEOS_DEPLOYMENT_TARGET = 10.1;
				MTL_ENABLE_DEBUG_INFO = NO;
				SDKROOT = iphoneos;
				TARGETED_DEVICE_FAMILY = "1,2";
				VALIDATE_PRODUCT = YES;
			};
			name = Release;
		};
		DD098D241E3FC682006AD1AE /* Debug */ = {
			isa = XCBuildConfiguration;
			buildSettings = {
				ASSETCATALOG_COMPILER_APPICON_NAME = AppIcon;
				INFOPLIST_FILE = OutletsAndActions/Info.plist;
				LD_RUNPATH_SEARCH_PATHS = "$(inherited) @executable_path/Frameworks";
				PRODUCT_BUNDLE_IDENTIFIER = Klas.OutletsAndActions;
				PRODUCT_NAME = "$(TARGET_NAME)";
			};
			name = Debug;
		};
		DD098D251E3FC682006AD1AE /* Release */ = {
			isa = XCBuildConfiguration;
			buildSettings = {
				ASSETCATALOG_COMPILER_APPICON_NAME = AppIcon;
				INFOPLIST_FILE = OutletsAndActions/Info.plist;
				LD_RUNPATH_SEARCH_PATHS = "$(inherited) @executable_path/Frameworks";
				PRODUCT_BUNDLE_IDENTIFIER = Klas.OutletsAndActions;
				PRODUCT_NAME = "$(TARGET_NAME)";
			};
			name = Release;
		};
/* End XCBuildConfiguration section */

/* Begin XCConfigurationList section */
		DD098D071E3FC682006AD1AE /* Build configuration list for PBXProject "OutletsAndActions" */ = {
			isa = XCConfigurationList;
			buildConfigurations = (
				DD098D211E3FC682006AD1AE /* Debug */,
				DD098D221E3FC682006AD1AE /* Release */,
			);
			defaultConfigurationIsVisible = 0;
			defaultConfigurationName = Release;
		};
		DD098D231E3FC682006AD1AE /* Build configuration list for PBXNativeTarget "OutletsAndActions" */ = {
			isa = XCConfigurationList;
			buildConfigurations = (
				DD098D241E3FC682006AD1AE /* Debug */,
				DD098D251E3FC682006AD1AE /* Release */,
			);
			defaultConfigurationIsVisible = 0;
		};
/* End XCConfigurationList section */
	};
	rootObject = DD098D041E3FC682006AD1AE /* Project object */;
}
